
Microsoft Visual Studio Solution File, Format Version 12.00
# Visual Studio Version 17
VisualStudioVersion = 17.2.32616.157
MinimumVisualStudioVersion = 10.0.40219.1
Project("{54A90642-561A-4BB1-A94E-469ADEE60C69}") = "Soccer_World", "reactproject2\Soccer_World.esproj", "{30F901B9-C4EE-47E4-BE8D-19F3223BB7EE}"
EndProject
Global
	GlobalSection(SolutionConfigurationPlatforms) = preSolution
		Debug|Any CPU = Debug|Any CPU
		Release|Any CPU = Release|Any CPU
	EndGlobalSection
	GlobalSection(ProjectConfigurationPlatforms) = postSolution
		{30F901B9-C4EE-47E4-BE8D-19F3223BB7EE}.Debug|Any CPU.ActiveCfg = Debug|Any CPU
		{30F901B9-C4EE-47E4-BE8D-19F3223BB7EE}.Debug|Any CPU.Build.0 = Debug|Any CPU
		{30F901B9-C4EE-47E4-BE8D-19F3223BB7EE}.Debug|Any CPU.Deploy.0 = Debug|Any CPU
		{30F901B9-C4EE-47E4-BE8D-19F3223BB7EE}.Release|Any CPU.ActiveCfg = Release|Any CPU
		{30F901B9-C4EE-47E4-BE8D-19F3223BB7EE}.Release|Any CPU.Build.0 = Release|Any CPU
		{30F901B9-C4EE-47E4-BE8D-19F3223BB7EE}.Release|Any CPU.Deploy.0 = Release|Any CPU
	EndGlobalSection
	GlobalSection(SolutionProperties) = preSolution
		HideSolutionNode = FALSE
	EndGlobalSection
	GlobalSection(ExtensibilityGlobals) = postSolution
		SolutionGuid = {AA602BCC-D38B-4935-9255-823758F465E7}
	EndGlobalSection
EndGlobal
